
Microsoft Visual Studio Solution File, Format Version 12.00
# Visual Studio Version 17
VisualStudioVersion = 17.11.35327.3
MinimumVisualStudioVersion = 10.0.40219.1
Project("{9A19103F-16F7-4668-BE54-9A1E7A4F7556}") = "MauiApp1", "MauiApp1\MauiApp1.csproj", "{08ABAB59-5C9E-41E0-8BEF-5B04F5A30BDC}"
EndProject
Project("{2150E333-8FDC-42A3-9474-1A3956D46DE8}") = "Cadastro", "Cadastro", "{3EBD9C3D-565F-4C2D-A7D6-AF8CDAD50C4A}"
EndProject
Global
	GlobalSection(SolutionConfigurationPlatforms) = preSolution
		Debug|Any CPU = Debug|Any CPU
		Release|Any CPU = Release|Any CPU
	EndGlobalSection
	GlobalSection(ProjectConfigurationPlatforms) = postSolution
		{08ABAB59-5C9E-41E0-8BEF-5B04F5A30BDC}.Debug|Any CPU.ActiveCfg = Debug|Any CPU
		{08ABAB59-5C9E-41E0-8BEF-5B04F5A30BDC}.Debug|Any CPU.Build.0 = Debug|Any CPU
		{08ABAB59-5C9E-41E0-8BEF-5B04F5A30BDC}.Debug|Any CPU.Deploy.0 = Debug|Any CPU
		{08ABAB59-5C9E-41E0-8BEF-5B04F5A30BDC}.Release|Any CPU.ActiveCfg = Release|Any CPU
		{08ABAB59-5C9E-41E0-8BEF-5B04F5A30BDC}.Release|Any CPU.Build.0 = Release|Any CPU
		{08ABAB59-5C9E-41E0-8BEF-5B04F5A30BDC}.Release|Any CPU.Deploy.0 = Release|Any CPU
	EndGlobalSection
	GlobalSection(SolutionProperties) = preSolution
		HideSolutionNode = FALSE
	EndGlobalSection
	GlobalSection(ExtensibilityGlobals) = postSolution
		SolutionGuid = {D1248B60-3C66-42CE-A1FC-2AD357B953BF}
	EndGlobalSection
EndGlobal
